
Microsoft Visual Studio Solution File, Format Version 12.00
# Visual Studio Version 17
VisualStudioVersion = 17.13.35806.99 d17.13
MinimumVisualStudioVersion = 10.0.40219.1
Project("{FAE04EC0-301F-11D3-BF4B-00C04F79EFBC}") = "De2.WPF", "De2.WPF.csproj", "{2445F821-6480-436E-8F52-3DE54DBE7DE0}"
EndProject
Global
	GlobalSection(SolutionConfigurationPlatforms) = preSolution
		Debug|Any CPU = Debug|Any CPU
		Release|Any CPU = Release|Any CPU
	EndGlobalSection
	GlobalSection(ProjectConfigurationPlatforms) = postSolution
		{2445F821-6480-436E-8F52-3DE54DBE7DE0}.Debug|Any CPU.ActiveCfg = Debug|Any CPU
		{2445F821-6480-436E-8F52-3DE54DBE7DE0}.Debug|Any CPU.Build.0 = Debug|Any CPU
		{2445F821-6480-436E-8F52-3DE54DBE7DE0}.Release|Any CPU.ActiveCfg = Release|Any CPU
		{2445F821-6480-436E-8F52-3DE54DBE7DE0}.Release|Any CPU.Build.0 = Release|Any CPU
	EndGlobalSection
	GlobalSection(SolutionProperties) = preSolution
		HideSolutionNode = FALSE
	EndGlobalSection
	GlobalSection(ExtensibilityGlobals) = postSolution
		SolutionGuid = {98488D25-EBF6-4F5A-8708-A7766C17342D}
	EndGlobalSection
EndGlobal
